{
  "name": "@alumis/badge",
  "version": "1.0.0",
  "lockfileVersion": 1,
  "requires": true,
  "dependencies": {
    "@alumis/observables": {
      "version": "1.0.46",
      "resolved": "https://registry.npmjs.org/@alumis/observables/-/observables-1.0.46.tgz",
      "integrity": "sha512-6Hr3CMPRaRfwidSaaJ3SC9v5NFWKphTKP7dv6keGZ6JYay8ATRrkrigs4W8V+cYBXC5M5Sx21xNrRykRm3Z4Bw==",
      "dev": true
    },
    "@alumis/observables-dom": {
      "version": "1.0.52",
      "resolved": "https://registry.npmjs.org/@alumis/observables-dom/-/observables-dom-1.0.52.tgz",
      "integrity": "sha512-nxBeYQkiSYJa5ohGCS6kVt13iNBc704PYuwPhbYip4BdQF8yz5qBEkRp5/4YVSWYdDbN6bmqFbZZrJPUh5wggQ==",
      "dev": true
    }
  }
}
